
Microsoft Visual Studio Solution File, Format Version 12.00
Project("{FAE04EC0-301F-11D3-BF4B-00C04F79EFBC}") = "TreeSummingExercise", "TreeSummingExercise\TreeSummingExercise.csproj", "{DA201121-6936-4337-9E49-E0129B4987D8}"
EndProject
Global
	GlobalSection(SolutionConfigurationPlatforms) = preSolution
		Debug|Any CPU = Debug|Any CPU
		Release|Any CPU = Release|Any CPU
	EndGlobalSection
	GlobalSection(ProjectConfigurationPlatforms) = postSolution
		{DA201121-6936-4337-9E49-E0129B4987D8}.Debug|Any CPU.ActiveCfg = Debug|Any CPU
		{DA201121-6936-4337-9E49-E0129B4987D8}.Debug|Any CPU.Build.0 = Debug|Any CPU
		{DA201121-6936-4337-9E49-E0129B4987D8}.Release|Any CPU.ActiveCfg = Release|Any CPU
		{DA201121-6936-4337-9E49-E0129B4987D8}.Release|Any CPU.Build.0 = Release|Any CPU
	EndGlobalSection
EndGlobal
